// !$*UTF8*$!
{
	archiveVersion = 1;
	classes = {
	};
	objectVersion = 46;
	objects = {

/* Begin PBXBuildFile section */
		8B8C11601D3C85190033CC27 /* AppDelegate.m in Sources */ = {isa = PBXBuildFile; fileRef = 8B8C115F1D3C85190033CC27 /* AppDelegate.m */; };
		8B8C11631D3C85190033CC27 /* main.m in Sources */ = {isa = PBXBuildFile; fileRef = 8B8C11621D3C85190033CC27 /* main.m */; };
		8B8C11661D3C85190033CC27 /* ViewController.m in Sources */ = {isa = PBXBuildFile; fileRef = 8B8C11651D3C85190033CC27 /* ViewController.m */; };
		8B8C11681D3C85190033CC27 /* Assets.xcassets in Resources */ = {isa = PBXBuildFile; fileRef = 8B8C11671D3C85190033CC27 /* Assets.xcassets */; };
		8B8C116B1D3C85190033CC27 /* Main.storyboard in Resources */ = {isa = PBXBuildFile; fileRef = 8B8C11691D3C85190033CC27 /* Main.storyboard */; };
		8B8C117F1D3D04760033CC27 /* Contents.json in Resources */ = {isa = PBXBuildFile; fileRef = 8B8C117E1D3D04760033CC27 /* Contents.json */; };
/* End PBXBuildFile section */

/* Begin PBXFileReference section */
		8B8C115B1D3C85190033CC27 /* IconResizer.app */ = {isa = PBXFileReference; explicitFileType = wrapper.application; includeInIndex = 0; path = IconResizer.app; sourceTree = BUILT_PRODUCTS_DIR; };
		8B8C115E1D3C85190033CC27 /* AppDelegate.h */ = {isa = PBXFileReference; lastKnownFileType = sourcecode.c.h; path = AppDelegate.h; sourceTree = "<group>"; };
		8B8C115F1D3C85190033CC27 /* AppDelegate.m */ = {isa = PBXFileReference; lastKnownFileType = sourcecode.c.objc; path = AppDelegate.m; sourceTree = "<group>"; };
		8B8C11621D3C85190033CC27 /* main.m */ = {isa = PBXFileReference; lastKnownFileType = sourcecode.c.objc; path = main.m; sourceTree = "<group>"; };
		8B8C11641D3C85190033CC27 /* ViewController.h */ = {isa = PBXFileReference; lastKnownFileType = sourcecode.c.h; path = ViewController.h; sourceTree = "<group>"; };
		8B8C11651D3C85190033CC27 /* ViewController.m */ = {isa = PBXFileReference; lastKnownFileType = sourcecode.c.objc; path = ViewController.m; sourceTree = "<group>"; };
		8B8C11671D3C85190033CC27 /* Assets.xcassets */ = {isa = PBXFileReference; lastKnownFileType = folder.assetcatalog; path = Assets.xcassets; sourceTree = "<group>"; };
		8B8C116A1D3C85190033CC27 /* Base */ = {isa = PBXFileReference; lastKnownFileType = file.storyboard; name = Base; path = Base.lproj/Main.storyboard; sourceTree = "<group>"; };
		8B8C116C1D3C85190033CC27 /* Info.plist */ = {isa = PBXFileReference; lastKnownFileType = text.plist.xml; path = Info.plist; sourceTree = "<group>"; };
		8B8C117E1D3D04760033CC27 /* Contents.json */ = {isa = PBXFileReference; fileEncoding = 4; lastKnownFileType = text.json; path = Contents.json; sourceTree = "<group>"; };
/* End PBXFileReference section */

/* Begin PBXFrameworksBuildPhase section */
		8B8C11581D3C85190033CC27 /* Frameworks */ = {
			isa = PBXFrameworksBuildPhase;
			buildActionMask = 2147483647;
			files = (
			);
			runOnlyForDeploymentPostprocessing = 0;
		};
/* End PBXFrameworksBuildPhase section */

/* Begin PBXGroup section */
		8B8C11521D3C85190033CC27 = {
			isa = PBXGroup;
			children = (
				8B8C115D1D3C85190033CC27 /* IconResizer */,
				8B8C115C1D3C85190033CC27 /* Products */,
			);
			sourceTree = "<group>";
		};
		8B8C115C1D3C85190033CC27 /* Products */ = {
			isa = PBXGroup;
			children = (
				8B8C115B1D3C85190033CC27 /* IconResizer.app */,
			);
			name = Products;
			sourceTree = "<group>";
		};
		8B8C115D1D3C85190033CC27 /* IconResizer */ = {
			isa = PBXGroup;
			children = (
				8B8C117D1D3D04760033CC27 /* assets */,
				8B8C115E1D3C85190033CC27 /* AppDelegate.h */,
				8B8C115F1D3C85190033CC27 /* AppDelegate.m */,
				8B8C11641D3C85190033CC27 /* ViewController.h */,
				8B8C11651D3C85190033CC27 /* ViewController.m */,
				8B8C11671D3C85190033CC27 /* Assets.xcassets */,
				8B8C11691D3C85190033CC27 /* Main.storyboard */,
				8B8C116C1D3C85190033CC27 /* Info.plist */,
				8B8C11611D3C85190033CC27 /* Supporting Files */,
			);
			path = IconResizer;
			sourceTree = "<group>";
		};
		8B8C11611D3C85190033CC27 /* Supporting Files */ = {
			isa = PBXGroup;
			children = (
				8B8C11621D3C85190033CC27 /* main.m */,
			);
			name = "Supporting Files";
			sourceTree = "<group>";
		};
		8B8C117D1D3D04760033CC27 /* assets */ = {
			isa = PBXGroup;
			children = (
				8B8C117E1D3D04760033CC27 /* Contents.json */,
			);
			path = assets;
			sourceTree = "<group>";
		};
/* End PBXGroup section */

/* Begin PBXNativeTarget section */
		8B8C115A1D3C85190033CC27 /* IconResizer */ = {
			isa = PBXNativeTarget;
			buildConfigurationList = 8B8C116F1D3C85190033CC27 /* Build configuration list for PBXNativeTarget "IconResizer" */;
			buildPhases = (
				8B8C11571D3C85190033CC27 /* Sources */,
				8B8C11581D3C85190033CC27 /* Frameworks */,
				8B8C11591D3C85190033CC27 /* Resources */,
			);
			buildRules = (
			);
			dependencies = (
			);
			name = IconResizer;
			productName = IconResizer;
			productReference = 8B8C115B1D3C85190033CC27 /* IconResizer.app */;
			productType = "com.apple.product-type.application";
		};
/* End PBXNativeTarget section */

/* Begin PBXProject section */
		8B8C11531D3C85190033CC27 /* Project object */ = {
			isa = PBXProject;
			attributes = {
				LastUpgradeCheck = 0730;
				ORGANIZATIONNAME = cn.ljj;
				TargetAttributes = {
					8B8C115A1D3C85190033CC27 = {
						CreatedOnToolsVersion = 7.3.1;
					};
				};
			};
			buildConfigurationList = 8B8C11561D3C85190033CC27 /* Build configuration list for PBXProject "IconResizer" */;
			compatibilityVersion = "Xcode 3.2";
			developmentRegion = English;
			hasScannedForEncodings = 0;
			knownRegions = (
				en,
				Base,
			);
			mainGroup = 8B8C11521D3C85190033CC27;
			productRefGroup = 8B8C115C1D3C85190033CC27 /* Products */;
			projectDirPath = "";
			projectRoot = "";
			targets = (
				8B8C115A1D3C85190033CC27 /* IconResizer */,
			);
		};
/* End PBXProject section */

/* Begin PBXResourcesBuildPhase section */
		8B8C11591D3C85190033CC27 /* Resources */ = {
			isa = PBXResourcesBuildPhase;
			buildActionMask = 2147483647;
			files = (
				8B8C11681D3C85190033CC27 /* Assets.xcassets in Resources */,
				8B8C116B1D3C85190033CC27 /* Main.storyboard in Resources */,
				8B8C117F1D3D04760033CC27 /* Contents.json in Resources */,
			);
			runOnlyForDeploymentPostprocessing = 0;
		};
/* End PBXResourcesBuildPhase section */

/* Begin PBXSourcesBuildPhase section */
		8B8C11571D3C85190033CC27 /* Sources */ = {
			isa = PBXSourcesBuildPhase;
			buildActionMask = 2147483647;
			files = (
				8B8C11661D3C85190033CC27 /* ViewController.m in Sources */,
				8B8C11631D3C85190033CC27 /* main.m in Sources */,
				8B8C11601D3C85190033CC27 /* AppDelegate.m in Sources */,
			);
			runOnlyForDeploymentPostprocessing = 0;
		};
/* End PBXSourcesBuildPhase section */

/* Begin PBXVariantGroup section */
		8B8C11691D3C85190033CC27 /* Main.storyboard */ = {
			isa = PBXVariantGroup;
			children = (
				8B8C116A1D3C85190033CC27 /* Base */,
			);
			name = Main.storyboard;
			sourceTree = "<group>";
		};
/* End PBXVariantGroup section */

/* Begin XCBuildConfiguration section */
		8B8C116D1D3C85190033CC27 /* Debug */ = {
			isa = XCBuildConfiguration;
			buildSettings = {
				ALWAYS_SEARCH_USER_PATHS = NO;
				CLANG_ANALYZER_NONNULL = YES;
				CLANG_CXX_LANGUAGE_STANDARD = "gnu++0x";
				CLANG_CXX_LIBRARY = "libc++";
				CLANG_ENABLE_MODULES = YES;
				CLANG_ENABLE_OBJC_ARC = YES;
				CLANG_WARN_BOOL_CONVERSION = YES;
				CLANG_WARN_CONSTANT_CONVERSION = YES;
				CLANG_WARN_DIRECT_OBJC_ISA_USAGE = YES_ERROR;
				CLANG_WARN_EMPTY_BODY = YES;
				CLANG_WARN_ENUM_CONVERSION = YES;
				CLANG_WARN_INT_CONVERSION = YES;
				CLANG_WARN_OBJC_ROOT_CLASS = YES_ERROR;
				CLANG_WARN_UNREACHABLE_CODE = YES;
				CLANG_WARN__DUPLICATE_METHOD_MATCH = YES;
				CODE_SIGN_IDENTITY = "-";
				COPY_PHASE_STRIP = NO;
				DEBUG_INFORMATION_FORMAT = dwarf;
				ENABLE_STRICT_OBJC_MSGSEND = YES;
				ENABLE_TESTABILITY = YES;
				GCC_C_LANGUAGE_STANDARD = gnu99;
				GCC_DYNAMIC_NO_PIC = NO;
				GCC_NO_COMMON_BLOCKS = YES;
				GCC_OPTIMIZATION_LEVEL = 0;
				GCC_PREPROCESSOR_DEFINITIONS = (
					"DEBUG=1",
					"$(inherited)",
				);
				GCC_WARN_64_TO_32_BIT_CONVERSION = YES;
				GCC_WARN_ABOUT_RETURN_TYPE = YES_ERROR;
				GCC_WARN_UNDECLARED_SELECTOR = YES;
				GCC_WARN_UNINITIALIZED_AUTOS = YES_AGGRESSIVE;
				GCC_WARN_UNUSED_FUNCTION = YES;
				GCC_WARN_UNUSED_VARIABLE = YES;
				MACOSX_DEPLOYMENT_TARGET = 10.11;
				MTL_ENABLE_DEBUG_INFO = YES;
				ONLY_ACTIVE_ARCH = YES;
				SDKROOT = macosx;
			};
			name = Debug;
		};
		8B8C116E1D3C85190033CC27 /* Release */ = {
			isa = XCBuildConfiguration;
			buildSettings = {
				ALWAYS_SEARCH_USER_PATHS = NO;
				CLANG_ANALYZER_NONNULL = YES;
				CLANG_CXX_LANGUAGE_STANDARD = "gnu++0x";
				CLANG_CXX_LIBRARY = "libc++";
				CLANG_ENABLE_MODULES = YES;
				CLANG_ENABLE_OBJC_ARC = YES;
				CLANG_WARN_BOOL_CONVERSION = YES;
				CLANG_WARN_CONSTANT_CONVERSION = YES;
				CLANG_WARN_DIRECT_OBJC_ISA_USAGE = YES_ERROR;
				CLANG_WARN_EMPTY_BODY = YES;
				CLANG_WARN_ENUM_CONVERSION = YES;
				CLANG_WARN_INT_CONVERSION = YES;
				CLANG_WARN_OBJC_ROOT_CLASS = YES_ERROR;
				CLANG_WARN_UNREACHABLE_CODE = YES;
				CLANG_WARN__DUPLICATE_METHOD_MATCH = YES;
				CODE_SIGN_IDENTITY = "-";
				COPY_PHASE_STRIP = NO;
				DEBUG_INFORMATION_FORMAT = "dwarf-with-dsym";
				ENABLE_NS_ASSERTIONS = NO;
				ENABLE_STRICT_OBJC_MSGSEND = YES;
				GCC_C_LANGUAGE_STANDARD = gnu99;
				GCC_NO_COMMON_BLOCKS = YES;
				GCC_WARN_64_TO_32_BIT_CONVERSION = YES;
				GCC_WARN_ABOUT_RETURN_TYPE = YES_ERROR;
				GCC_WARN_UNDECLARED_SELECTOR = YES;
				GCC_WARN_UNINITIALIZED_AUTOS = YES_AGGRESSIVE;
				GCC_WARN_UNUSED_FUNCTION = YES;
				GCC_WARN_UNUSED_VARIABLE = YES;
				MACOSX_DEPLOYMENT_TARGET = 10.11;
				MTL_ENABLE_DEBUG_INFO = NO;
				SDKROOT = macosx;
			};
			name = Release;
		};
		8B8C11701D3C85190033CC27 /* Debug */ = {
			isa = XCBuildConfiguration;
			buildSettings = {
				ASSETCATALOG_COMPILER_APPICON_NAME = AppIcon;
				COMBINE_HIDPI_IMAGES = YES;
				INFOPLIST_FILE = IconResizer/Info.plist;
				LD_RUNPATH_SEARCH_PATHS = "$(inherited) @executable_path/../Frameworks";
				PRODUCT_BUNDLE_IDENTIFIER = cn.ljj.IconResizer;
				PRODUCT_NAME = "$(TARGET_NAME)";
			};
			name = Debug;
		};
		8B8C11711D3C85190033CC27 /* Release */ = {
			isa = XCBuildConfiguration;
			buildSettings = {
				ASSETCATALOG_COMPILER_APPICON_NAME = AppIcon;
				COMBINE_HIDPI_IMAGES = YES;
				INFOPLIST_FILE = IconResizer/Info.plist;
				LD_RUNPATH_SEARCH_PATHS = "$(inherited) @executable_path/../Frameworks";
				PRODUCT_BUNDLE_IDENTIFIER = cn.ljj.IconResizer;
				PRODUCT_NAME = "$(TARGET_NAME)";
			};
			name = Release;
		};
/* End XCBuildConfiguration section */

/* Begin XCConfigurationList section */
		8B8C11561D3C85190033CC27 /* Build configuration list for PBXProject "IconResizer" */ = {
			isa = XCConfigurationList;
			buildConfigurations = (
				8B8C116D1D3C85190033CC27 /* Debug */,
				8B8C116E1D3C85190033CC27 /* Release */,
			);
			defaultConfigurationIsVisible = 0;
			defaultConfigurationName = Release;
		};
		8B8C116F1D3C85190033CC27 /* Build configuration list for PBXNativeTarget "IconResizer" */ = {
			isa = XCConfigurationList;
			buildConfigurations = (
				8B8C11701D3C85190033CC27 /* Debug */,
				8B8C11711D3C85190033CC27 /* Release */,
			);
			defaultConfigurationIsVisible = 0;
		};
/* End XCConfigurationList section */
	};
	rootObject = 8B8C11531D3C85190033CC27 /* Project object */;
}
